
Microsoft Visual Studio Solution File, Format Version 12.00
# Visual Studio 2012
Project("{E24C65DC-7377-472B-9ABA-BC803B73C61A}") = "RDPClient", ".", "{B16415DB-5083-4882-84F5-C9E8D2677C2A}"
	ProjectSection(WebsiteProperties) = preProject
		TargetFrameworkMoniker = ".NETFramework,Version%3Dv4.0"
		Debug.AspNetCompiler.VirtualPath = "/RDPClient"
		Debug.AspNetCompiler.PhysicalPath = "..\RDPClient\"
		Debug.AspNetCompiler.TargetPath = "PrecompiledWeb\RDPClient\"
		Debug.AspNetCompiler.Updateable = "true"
		Debug.AspNetCompiler.ForceOverwrite = "true"
		Debug.AspNetCompiler.FixedNames = "false"
		Debug.AspNetCompiler.Debug = "True"
		Release.AspNetCompiler.VirtualPath = "/RDPClient"
		Release.AspNetCompiler.PhysicalPath = "..\RDPClient\"
		Release.AspNetCompiler.TargetPath = "PrecompiledWeb\RDPClient\"
		Release.AspNetCompiler.Updateable = "true"
		Release.AspNetCompiler.ForceOverwrite = "true"
		Release.AspNetCompiler.FixedNames = "false"
		Release.AspNetCompiler.Debug = "False"
		VWDPort = "2665"
	EndProjectSection
EndProject
Global
	GlobalSection(SolutionConfigurationPlatforms) = preSolution
		Debug|Any CPU = Debug|Any CPU
	EndGlobalSection
	GlobalSection(ProjectConfigurationPlatforms) = postSolution
		{B16415DB-5083-4882-84F5-C9E8D2677C2A}.Debug|Any CPU.ActiveCfg = Debug|Any CPU
		{B16415DB-5083-4882-84F5-C9E8D2677C2A}.Debug|Any CPU.Build.0 = Debug|Any CPU
	EndGlobalSection
	GlobalSection(SolutionProperties) = preSolution
		HideSolutionNode = FALSE
	EndGlobalSection
EndGlobal
